// !$*UTF8*$!
{
	archiveVersion = 1;
	classes = {
	};
	objectVersion = 48;
	objects = {

/* Begin PBXBuildFile section */
		F5F6D9B720A3F3EC009F4226 /* AppDelegate.swift in Sources */ = {isa = PBXBuildFile; fileRef = F5F6D9B620A3F3EC009F4226 /* AppDelegate.swift */; };
		F5F6D9B920A3F3EC009F4226 /* ViewController.swift in Sources */ = {isa = PBXBuildFile; fileRef = F5F6D9B820A3F3EC009F4226 /* ViewController.swift */; };
		F5F6D9BC20A3F3EC009F4226 /* Main.storyboard in Resources */ = {isa = PBXBuildFile; fileRef = F5F6D9BA20A3F3EC009F4226 /* Main.storyboard */; };
		F5F6D9BE20A3F3EC009F4226 /* Assets.xcassets in Resources */ = {isa = PBXBuildFile; fileRef = F5F6D9BD20A3F3EC009F4226 /* Assets.xcassets */; };
		F5F6D9C120A3F3EC009F4226 /* LaunchScreen.storyboard in Resources */ = {isa = PBXBuildFile; fileRef = F5F6D9BF20A3F3EC009F4226 /* LaunchScreen.storyboard */; };
		F5F6D9CC20A3F3EC009F4226 /* StrategyDemoForStudyGroupTests.swift in Sources */ = {isa = PBXBuildFile; fileRef = F5F6D9CB20A3F3EC009F4226 /* StrategyDemoForStudyGroupTests.swift */; };
		F5F6D9D720A3F3EC009F4226 /* StrategyDemoForStudyGroupUITests.swift in Sources */ = {isa = PBXBuildFile; fileRef = F5F6D9D620A3F3EC009F4226 /* StrategyDemoForStudyGroupUITests.swift */; };
		F5F6D9E920A3F5F8009F4226 /* CheckOutDetailViewController.swift in Sources */ = {isa = PBXBuildFile; fileRef = F5F6D9E820A3F5F8009F4226 /* CheckOutDetailViewController.swift */; };
		F5F6D9EB20A40B27009F4226 /* CheckoutStrategy.swift in Sources */ = {isa = PBXBuildFile; fileRef = F5F6D9EA20A40B27009F4226 /* CheckoutStrategy.swift */; };
		F5F6D9ED20A40D25009F4226 /* BetterCheckOutDetailViewController.swift in Sources */ = {isa = PBXBuildFile; fileRef = F5F6D9EC20A40D25009F4226 /* BetterCheckOutDetailViewController.swift */; };
		F5F6D9F020A40FB6009F4226 /* FunctionalCheckoutDetailViewController.swift in Sources */ = {isa = PBXBuildFile; fileRef = F5F6D9EF20A40FB6009F4226 /* FunctionalCheckoutDetailViewController.swift */; };
		F5F6D9F220A41033009F4226 /* FunctionalCheckoutStrategy.swift in Sources */ = {isa = PBXBuildFile; fileRef = F5F6D9F120A41033009F4226 /* FunctionalCheckoutStrategy.swift */; };
		F5F6D9F420A416FF009F4226 /* PromoCodeViewController.swift in Sources */ = {isa = PBXBuildFile; fileRef = F5F6D9F320A416FF009F4226 /* PromoCodeViewController.swift */; };
/* End PBXBuildFile section */

/* Begin PBXContainerItemProxy section */
		F5F6D9C820A3F3EC009F4226 /* PBXContainerItemProxy */ = {
			isa = PBXContainerItemProxy;
			containerPortal = F5F6D9AB20A3F3EC009F4226 /* Project object */;
			proxyType = 1;
			remoteGlobalIDString = F5F6D9B220A3F3EC009F4226;
			remoteInfo = StrategyDemoForStudyGroup;
		};
		F5F6D9D320A3F3EC009F4226 /* PBXContainerItemProxy */ = {
			isa = PBXContainerItemProxy;
			containerPortal = F5F6D9AB20A3F3EC009F4226 /* Project object */;
			proxyType = 1;
			remoteGlobalIDString = F5F6D9B220A3F3EC009F4226;
			remoteInfo = StrategyDemoForStudyGroup;
		};
/* End PBXContainerItemProxy section */

/* Begin PBXFileReference section */
		F5F6D9B320A3F3EC009F4226 /* StrategyDemoForStudyGroup.app */ = {isa = PBXFileReference; explicitFileType = wrapper.application; includeInIndex = 0; path = StrategyDemoForStudyGroup.app; sourceTree = BUILT_PRODUCTS_DIR; };
		F5F6D9B620A3F3EC009F4226 /* AppDelegate.swift */ = {isa = PBXFileReference; lastKnownFileType = sourcecode.swift; path = AppDelegate.swift; sourceTree = "<group>"; };
		F5F6D9B820A3F3EC009F4226 /* ViewController.swift */ = {isa = PBXFileReference; lastKnownFileType = sourcecode.swift; path = ViewController.swift; sourceTree = "<group>"; };
		F5F6D9BB20A3F3EC009F4226 /* Base */ = {isa = PBXFileReference; lastKnownFileType = file.storyboard; name = Base; path = Base.lproj/Main.storyboard; sourceTree = "<group>"; };
		F5F6D9BD20A3F3EC009F4226 /* Assets.xcassets */ = {isa = PBXFileReference; lastKnownFileType = folder.assetcatalog; path = Assets.xcassets; sourceTree = "<group>"; };
		F5F6D9C020A3F3EC009F4226 /* Base */ = {isa = PBXFileReference; lastKnownFileType = file.storyboard; name = Base; path = Base.lproj/LaunchScreen.storyboard; sourceTree = "<group>"; };
		F5F6D9C220A3F3EC009F4226 /* Info.plist */ = {isa = PBXFileReference; lastKnownFileType = text.plist.xml; path = Info.plist; sourceTree = "<group>"; };
		F5F6D9C720A3F3EC009F4226 /* StrategyDemoForStudyGroupTests.xctest */ = {isa = PBXFileReference; explicitFileType = wrapper.cfbundle; includeInIndex = 0; path = StrategyDemoForStudyGroupTests.xctest; sourceTree = BUILT_PRODUCTS_DIR; };
		F5F6D9CB20A3F3EC009F4226 /* StrategyDemoForStudyGroupTests.swift */ = {isa = PBXFileReference; lastKnownFileType = sourcecode.swift; path = StrategyDemoForStudyGroupTests.swift; sourceTree = "<group>"; };
		F5F6D9CD20A3F3EC009F4226 /* Info.plist */ = {isa = PBXFileReference; lastKnownFileType = text.plist.xml; path = Info.plist; sourceTree = "<group>"; };
		F5F6D9D220A3F3EC009F4226 /* StrategyDemoForStudyGroupUITests.xctest */ = {isa = PBXFileReference; explicitFileType = wrapper.cfbundle; includeInIndex = 0; path = StrategyDemoForStudyGroupUITests.xctest; sourceTree = BUILT_PRODUCTS_DIR; };
		F5F6D9D620A3F3EC009F4226 /* StrategyDemoForStudyGroupUITests.swift */ = {isa = PBXFileReference; lastKnownFileType = sourcecode.swift; path = StrategyDemoForStudyGroupUITests.swift; sourceTree = "<group>"; };
		F5F6D9D820A3F3EC009F4226 /* Info.plist */ = {isa = PBXFileReference; lastKnownFileType = text.plist.xml; path = Info.plist; sourceTree = "<group>"; };
		F5F6D9E820A3F5F8009F4226 /* CheckOutDetailViewController.swift */ = {isa = PBXFileReference; lastKnownFileType = sourcecode.swift; path = CheckOutDetailViewController.swift; sourceTree = "<group>"; };
		F5F6D9EA20A40B27009F4226 /* CheckoutStrategy.swift */ = {isa = PBXFileReference; lastKnownFileType = sourcecode.swift; path = CheckoutStrategy.swift; sourceTree = "<group>"; };
		F5F6D9EC20A40D25009F4226 /* BetterCheckOutDetailViewController.swift */ = {isa = PBXFileReference; lastKnownFileType = sourcecode.swift; path = BetterCheckOutDetailViewController.swift; sourceTree = "<group>"; };
		F5F6D9EF20A40FB6009F4226 /* FunctionalCheckoutDetailViewController.swift */ = {isa = PBXFileReference; lastKnownFileType = sourcecode.swift; path = FunctionalCheckoutDetailViewController.swift; sourceTree = "<group>"; };
		F5F6D9F120A41033009F4226 /* FunctionalCheckoutStrategy.swift */ = {isa = PBXFileReference; lastKnownFileType = sourcecode.swift; path = FunctionalCheckoutStrategy.swift; sourceTree = "<group>"; };
		F5F6D9F320A416FF009F4226 /* PromoCodeViewController.swift */ = {isa = PBXFileReference; lastKnownFileType = sourcecode.swift; path = PromoCodeViewController.swift; sourceTree = "<group>"; };
/* End PBXFileReference section */

/* Begin PBXFrameworksBuildPhase section */
		F5F6D9B020A3F3EC009F4226 /* Frameworks */ = {
			isa = PBXFrameworksBuildPhase;
			buildActionMask = 2147483647;
			files = (
			);
			runOnlyForDeploymentPostprocessing = 0;
		};
		F5F6D9C420A3F3EC009F4226 /* Frameworks */ = {
			isa = PBXFrameworksBuildPhase;
			buildActionMask = 2147483647;
			files = (
			);
			runOnlyForDeploymentPostprocessing = 0;
		};
		F5F6D9CF20A3F3EC009F4226 /* Frameworks */ = {
			isa = PBXFrameworksBuildPhase;
			buildActionMask = 2147483647;
			files = (
			);
			runOnlyForDeploymentPostprocessing = 0;
		};
/* End PBXFrameworksBuildPhase section */

/* Begin PBXGroup section */
		F5F6D9AA20A3F3EC009F4226 = {
			isa = PBXGroup;
			children = (
				F5F6D9B520A3F3EC009F4226 /* StrategyDemoForStudyGroup */,
				F5F6D9CA20A3F3EC009F4226 /* StrategyDemoForStudyGroupTests */,
				F5F6D9D520A3F3EC009F4226 /* StrategyDemoForStudyGroupUITests */,
				F5F6D9B420A3F3EC009F4226 /* Products */,
			);
			sourceTree = "<group>";
		};
		F5F6D9B420A3F3EC009F4226 /* Products */ = {
			isa = PBXGroup;
			children = (
				F5F6D9B320A3F3EC009F4226 /* StrategyDemoForStudyGroup.app */,
				F5F6D9C720A3F3EC009F4226 /* StrategyDemoForStudyGroupTests.xctest */,
				F5F6D9D220A3F3EC009F4226 /* StrategyDemoForStudyGroupUITests.xctest */,
			);
			name = Products;
			sourceTree = "<group>";
		};
		F5F6D9B520A3F3EC009F4226 /* StrategyDemoForStudyGroup */ = {
			isa = PBXGroup;
			children = (
				F5F6D9F320A416FF009F4226 /* PromoCodeViewController.swift */,
				F5F6D9EE20A40F98009F4226 /* Functonal */,
				F5F6D9E520A3F41E009F4226 /* Better */,
				F5F6D9E420A3F401009F4226 /* Bad */,
				F5F6D9B620A3F3EC009F4226 /* AppDelegate.swift */,
				F5F6D9B820A3F3EC009F4226 /* ViewController.swift */,
				F5F6D9BA20A3F3EC009F4226 /* Main.storyboard */,
				F5F6D9BD20A3F3EC009F4226 /* Assets.xcassets */,
				F5F6D9BF20A3F3EC009F4226 /* LaunchScreen.storyboard */,
				F5F6D9C220A3F3EC009F4226 /* Info.plist */,
			);
			path = StrategyDemoForStudyGroup;
			sourceTree = "<group>";
		};
		F5F6D9CA20A3F3EC009F4226 /* StrategyDemoForStudyGroupTests */ = {
			isa = PBXGroup;
			children = (
				F5F6D9CB20A3F3EC009F4226 /* StrategyDemoForStudyGroupTests.swift */,
				F5F6D9CD20A3F3EC009F4226 /* Info.plist */,
			);
			path = StrategyDemoForStudyGroupTests;
			sourceTree = "<group>";
		};
		F5F6D9D520A3F3EC009F4226 /* StrategyDemoForStudyGroupUITests */ = {
			isa = PBXGroup;
			children = (
				F5F6D9D620A3F3EC009F4226 /* StrategyDemoForStudyGroupUITests.swift */,
				F5F6D9D820A3F3EC009F4226 /* Info.plist */,
			);
			path = StrategyDemoForStudyGroupUITests;
			sourceTree = "<group>";
		};
		F5F6D9E420A3F401009F4226 /* Bad */ = {
			isa = PBXGroup;
			children = (
				F5F6D9E820A3F5F8009F4226 /* CheckOutDetailViewController.swift */,
			);
			path = Bad;
			sourceTree = "<group>";
		};
		F5F6D9E520A3F41E009F4226 /* Better */ = {
			isa = PBXGroup;
			children = (
				F5F6D9EA20A40B27009F4226 /* CheckoutStrategy.swift */,
				F5F6D9EC20A40D25009F4226 /* BetterCheckOutDetailViewController.swift */,
			);
			path = Better;
			sourceTree = "<group>";
		};
		F5F6D9EE20A40F98009F4226 /* Functonal */ = {
			isa = PBXGroup;
			children = (
				F5F6D9F120A41033009F4226 /* FunctionalCheckoutStrategy.swift */,
				F5F6D9EF20A40FB6009F4226 /* FunctionalCheckoutDetailViewController.swift */,
			);
			path = Functonal;
			sourceTree = "<group>";
		};
/* End PBXGroup section */

/* Begin PBXNativeTarget section */
		F5F6D9B220A3F3EC009F4226 /* StrategyDemoForStudyGroup */ = {
			isa = PBXNativeTarget;
			buildConfigurationList = F5F6D9DB20A3F3EC009F4226 /* Build configuration list for PBXNativeTarget "StrategyDemoForStudyGroup" */;
			buildPhases = (
				F5F6D9AF20A3F3EC009F4226 /* Sources */,
				F5F6D9B020A3F3EC009F4226 /* Frameworks */,
				F5F6D9B120A3F3EC009F4226 /* Resources */,
			);
			buildRules = (
			);
			dependencies = (
			);
			name = StrategyDemoForStudyGroup;
			productName = StrategyDemoForStudyGroup;
			productReference = F5F6D9B320A3F3EC009F4226 /* StrategyDemoForStudyGroup.app */;
			productType = "com.apple.product-type.application";
		};
		F5F6D9C620A3F3EC009F4226 /* StrategyDemoForStudyGroupTests */ = {
			isa = PBXNativeTarget;
			buildConfigurationList = F5F6D9DE20A3F3EC009F4226 /* Build configuration list for PBXNativeTarget "StrategyDemoForStudyGroupTests" */;
			buildPhases = (
				F5F6D9C320A3F3EC009F4226 /* Sources */,
				F5F6D9C420A3F3EC009F4226 /* Frameworks */,
				F5F6D9C520A3F3EC009F4226 /* Resources */,
			);
			buildRules = (
			);
			dependencies = (
				F5F6D9C920A3F3EC009F4226 /* PBXTargetDependency */,
			);
			name = StrategyDemoForStudyGroupTests;
			productName = StrategyDemoForStudyGroupTests;
			productReference = F5F6D9C720A3F3EC009F4226 /* StrategyDemoForStudyGroupTests.xctest */;
			productType = "com.apple.product-type.bundle.unit-test";
		};
		F5F6D9D120A3F3EC009F4226 /* StrategyDemoForStudyGroupUITests */ = {
			isa = PBXNativeTarget;
			buildConfigurationList = F5F6D9E120A3F3EC009F4226 /* Build configuration list for PBXNativeTarget "StrategyDemoForStudyGroupUITests" */;
			buildPhases = (
				F5F6D9CE20A3F3EC009F4226 /* Sources */,
				F5F6D9CF20A3F3EC009F4226 /* Frameworks */,
				F5F6D9D020A3F3EC009F4226 /* Resources */,
			);
			buildRules = (
			);
			dependencies = (
				F5F6D9D420A3F3EC009F4226 /* PBXTargetDependency */,
			);
			name = StrategyDemoForStudyGroupUITests;
			productName = StrategyDemoForStudyGroupUITests;
			productReference = F5F6D9D220A3F3EC009F4226 /* StrategyDemoForStudyGroupUITests.xctest */;
			productType = "com.apple.product-type.bundle.ui-testing";
		};
/* End PBXNativeTarget section */

/* Begin PBXProject section */
		F5F6D9AB20A3F3EC009F4226 /* Project object */ = {
			isa = PBXProject;
			attributes = {
				LastSwiftUpdateCheck = 0920;
				LastUpgradeCheck = 0920;
				ORGANIZATIONNAME = athemer;
				TargetAttributes = {
					F5F6D9B220A3F3EC009F4226 = {
						CreatedOnToolsVersion = 9.2;
						ProvisioningStyle = Automatic;
					};
					F5F6D9C620A3F3EC009F4226 = {
						CreatedOnToolsVersion = 9.2;
						ProvisioningStyle = Automatic;
						TestTargetID = F5F6D9B220A3F3EC009F4226;
					};
					F5F6D9D120A3F3EC009F4226 = {
						CreatedOnToolsVersion = 9.2;
						ProvisioningStyle = Automatic;
						TestTargetID = F5F6D9B220A3F3EC009F4226;
					};
				};
			};
			buildConfigurationList = F5F6D9AE20A3F3EC009F4226 /* Build configuration list for PBXProject "StrategyDemoForStudyGroup" */;
			compatibilityVersion = "Xcode 8.0";
			developmentRegion = en;
			hasScannedForEncodings = 0;
			knownRegions = (
				en,
				Base,
			);
			mainGroup = F5F6D9AA20A3F3EC009F4226;
			productRefGroup = F5F6D9B420A3F3EC009F4226 /* Products */;
			projectDirPath = "";
			projectRoot = "";
			targets = (
				F5F6D9B220A3F3EC009F4226 /* StrategyDemoForStudyGroup */,
				F5F6D9C620A3F3EC009F4226 /* StrategyDemoForStudyGroupTests */,
				F5F6D9D120A3F3EC009F4226 /* StrategyDemoForStudyGroupUITests */,
			);
		};
/* End PBXProject section */

/* Begin PBXResourcesBuildPhase section */
		F5F6D9B120A3F3EC009F4226 /* Resources */ = {
			isa = PBXResourcesBuildPhase;
			buildActionMask = 2147483647;
			files = (
				F5F6D9C120A3F3EC009F4226 /* LaunchScreen.storyboard in Resources */,
				F5F6D9BE20A3F3EC009F4226 /* Assets.xcassets in Resources */,
				F5F6D9BC20A3F3EC009F4226 /* Main.storyboard in Resources */,
			);
			runOnlyForDeploymentPostprocessing = 0;
		};
		F5F6D9C520A3F3EC009F4226 /* Resources */ = {
			isa = PBXResourcesBuildPhase;
			buildActionMask = 2147483647;
			files = (
			);
			runOnlyForDeploymentPostprocessing = 0;
		};
		F5F6D9D020A3F3EC009F4226 /* Resources */ = {
			isa = PBXResourcesBuildPhase;
			buildActionMask = 2147483647;
			files = (
			);
			runOnlyForDeploymentPostprocessing = 0;
		};
/* End PBXResourcesBuildPhase section */

/* Begin PBXSourcesBuildPhase section */
		F5F6D9AF20A3F3EC009F4226 /* Sources */ = {
			isa = PBXSourcesBuildPhase;
			buildActionMask = 2147483647;
			files = (
				F5F6D9B920A3F3EC009F4226 /* ViewController.swift in Sources */,
				F5F6D9B720A3F3EC009F4226 /* AppDelegate.swift in Sources */,
				F5F6D9F220A41033009F4226 /* FunctionalCheckoutStrategy.swift in Sources */,
				F5F6D9ED20A40D25009F4226 /* BetterCheckOutDetailViewController.swift in Sources */,
				F5F6D9EB20A40B27009F4226 /* CheckoutStrategy.swift in Sources */,
				F5F6D9F020A40FB6009F4226 /* FunctionalCheckoutDetailViewController.swift in Sources */,
				F5F6D9E920A3F5F8009F4226 /* CheckOutDetailViewController.swift in Sources */,
				F5F6D9F420A416FF009F4226 /* PromoCodeViewController.swift in Sources */,
			);
			runOnlyForDeploymentPostprocessing = 0;
		};
		F5F6D9C320A3F3EC009F4226 /* Sources */ = {
			isa = PBXSourcesBuildPhase;
			buildActionMask = 2147483647;
			files = (
				F5F6D9CC20A3F3EC009F4226 /* StrategyDemoForStudyGroupTests.swift in Sources */,
			);
			runOnlyForDeploymentPostprocessing = 0;
		};
		F5F6D9CE20A3F3EC009F4226 /* Sources */ = {
			isa = PBXSourcesBuildPhase;
			buildActionMask = 2147483647;
			files = (
				F5F6D9D720A3F3EC009F4226 /* StrategyDemoForStudyGroupUITests.swift in Sources */,
			);
			runOnlyForDeploymentPostprocessing = 0;
		};
/* End PBXSourcesBuildPhase section */

/* Begin PBXTargetDependency section */
		F5F6D9C920A3F3EC009F4226 /* PBXTargetDependency */ = {
			isa = PBXTargetDependency;
			target = F5F6D9B220A3F3EC009F4226 /* StrategyDemoForStudyGroup */;
			targetProxy = F5F6D9C820A3F3EC009F4226 /* PBXContainerItemProxy */;
		};
		F5F6D9D420A3F3EC009F4226 /* PBXTargetDependency */ = {
			isa = PBXTargetDependency;
			target = F5F6D9B220A3F3EC009F4226 /* StrategyDemoForStudyGroup */;
			targetProxy = F5F6D9D320A3F3EC009F4226 /* PBXContainerItemProxy */;
		};
/* End PBXTargetDependency section */

/* Begin PBXVariantGroup section */
		F5F6D9BA20A3F3EC009F4226 /* Main.storyboard */ = {
			isa = PBXVariantGroup;
			children = (
				F5F6D9BB20A3F3EC009F4226 /* Base */,
			);
			name = Main.storyboard;
			sourceTree = "<group>";
		};
		F5F6D9BF20A3F3EC009F4226 /* LaunchScreen.storyboard */ = {
			isa = PBXVariantGroup;
			children = (
				F5F6D9C020A3F3EC009F4226 /* Base */,
			);
			name = LaunchScreen.storyboard;
			sourceTree = "<group>";
		};
/* End PBXVariantGroup section */

/* Begin XCBuildConfiguration section */
		F5F6D9D920A3F3EC009F4226 /* Debug */ = {
			isa = XCBuildConfiguration;
			buildSettings = {
				ALWAYS_SEARCH_USER_PATHS = NO;
				CLANG_ANALYZER_NONNULL = YES;
				CLANG_ANALYZER_NUMBER_OBJECT_CONVERSION = YES_AGGRESSIVE;
				CLANG_CXX_LANGUAGE_STANDARD = "gnu++14";
				CLANG_CXX_LIBRARY = "libc++";
				CLANG_ENABLE_MODULES = YES;
				CLANG_ENABLE_OBJC_ARC = YES;
				CLANG_WARN_BLOCK_CAPTURE_AUTORELEASING = YES;
				CLANG_WARN_BOOL_CONVERSION = YES;
				CLANG_WARN_COMMA = YES;
				CLANG_WARN_CONSTANT_CONVERSION = YES;
				CLANG_WARN_DIRECT_OBJC_ISA_USAGE = YES_ERROR;
				CLANG_WARN_DOCUMENTATION_COMMENTS = YES;
				CLANG_WARN_EMPTY_BODY = YES;
				CLANG_WARN_ENUM_CONVERSION = YES;
				CLANG_WARN_INFINITE_RECURSION = YES;
				CLANG_WARN_INT_CONVERSION = YES;
				CLANG_WARN_NON_LITERAL_NULL_CONVERSION = YES;
				CLANG_WARN_OBJC_LITERAL_CONVERSION = YES;
				CLANG_WARN_OBJC_ROOT_CLASS = YES_ERROR;
				CLANG_WARN_RANGE_LOOP_ANALYSIS = YES;
				CLANG_WARN_STRICT_PROTOTYPES = YES;
				CLANG_WARN_SUSPICIOUS_MOVE = YES;
				CLANG_WARN_UNGUARDED_AVAILABILITY = YES_AGGRESSIVE;
				CLANG_WARN_UNREACHABLE_CODE = YES;
				CLANG_WARN__DUPLICATE_METHOD_MATCH = YES;
				CODE_SIGN_IDENTITY = "iPhone Developer";
				COPY_PHASE_STRIP = NO;
				DEBUG_INFORMATION_FORMAT = dwarf;
				ENABLE_STRICT_OBJC_MSGSEND = YES;
				ENABLE_TESTABILITY = YES;
				GCC_C_LANGUAGE_STANDARD = gnu11;
				GCC_DYNAMIC_NO_PIC = NO;
				GCC_NO_COMMON_BLOCKS = YES;
				GCC_OPTIMIZATION_LEVEL = 0;
				GCC_PREPROCESSOR_DEFINITIONS = (
					"DEBUG=1",
					"$(inherited)",
				);
				GCC_WARN_64_TO_32_BIT_CONVERSION = YES;
				GCC_WARN_ABOUT_RETURN_TYPE = YES_ERROR;
				GCC_WARN_UNDECLARED_SELECTOR = YES;
				GCC_WARN_UNINITIALIZED_AUTOS = YES_AGGRESSIVE;
				GCC_WARN_UNUSED_FUNCTION = YES;
				GCC_WARN_UNUSED_VARIABLE = YES;
				IPHONEOS_DEPLOYMENT_TARGET = 11.2;
				MTL_ENABLE_DEBUG_INFO = YES;
				ONLY_ACTIVE_ARCH = YES;
				SDKROOT = iphoneos;
				SWIFT_ACTIVE_COMPILATION_CONDITIONS = DEBUG;
				SWIFT_OPTIMIZATION_LEVEL = "-Onone";
			};
			name = Debug;
		};
		F5F6D9DA20A3F3EC009F4226 /* Release */ = {
			isa = XCBuildConfiguration;
			buildSettings = {
				ALWAYS_SEARCH_USER_PATHS = NO;
				CLANG_ANALYZER_NONNULL = YES;
				CLANG_ANALYZER_NUMBER_OBJECT_CONVERSION = YES_AGGRESSIVE;
				CLANG_CXX_LANGUAGE_STANDARD = "gnu++14";
				CLANG_CXX_LIBRARY = "libc++";
				CLANG_ENABLE_MODULES = YES;
				CLANG_ENABLE_OBJC_ARC = YES;
				CLANG_WARN_BLOCK_CAPTURE_AUTORELEASING = YES;
				CLANG_WARN_BOOL_CONVERSION = YES;
				CLANG_WARN_COMMA = YES;
				CLANG_WARN_CONSTANT_CONVERSION = YES;
				CLANG_WARN_DIRECT_OBJC_ISA_USAGE = YES_ERROR;
				CLANG_WARN_DOCUMENTATION_COMMENTS = YES;
				CLANG_WARN_EMPTY_BODY = YES;
				CLANG_WARN_ENUM_CONVERSION = YES;
				CLANG_WARN_INFINITE_RECURSION = YES;
				CLANG_WARN_INT_CONVERSION = YES;
				CLANG_WARN_NON_LITERAL_NULL_CONVERSION = YES;
				CLANG_WARN_OBJC_LITERAL_CONVERSION = YES;
				CLANG_WARN_OBJC_ROOT_CLASS = YES_ERROR;
				CLANG_WARN_RANGE_LOOP_ANALYSIS = YES;
				CLANG_WARN_STRICT_PROTOTYPES = YES;
				CLANG_WARN_SUSPICIOUS_MOVE = YES;
				CLANG_WARN_UNGUARDED_AVAILABILITY = YES_AGGRESSIVE;
				CLANG_WARN_UNREACHABLE_CODE = YES;
				CLANG_WARN__DUPLICATE_METHOD_MATCH = YES;
				CODE_SIGN_IDENTITY = "iPhone Developer";
				COPY_PHASE_STRIP = NO;
				DEBUG_INFORMATION_FORMAT = "dwarf-with-dsym";
				ENABLE_NS_ASSERTIONS = NO;
				ENABLE_STRICT_OBJC_MSGSEND = YES;
				GCC_C_LANGUAGE_STANDARD = gnu11;
				GCC_NO_COMMON_BLOCKS = YES;
				GCC_WARN_64_TO_32_BIT_CONVERSION = YES;
				GCC_WARN_ABOUT_RETURN_TYPE = YES_ERROR;
				GCC_WARN_UNDECLARED_SELECTOR = YES;
				GCC_WARN_UNINITIALIZED_AUTOS = YES_AGGRESSIVE;
				GCC_WARN_UNUSED_FUNCTION = YES;
				GCC_WARN_UNUSED_VARIABLE = YES;
				IPHONEOS_DEPLOYMENT_TARGET = 11.2;
				MTL_ENABLE_DEBUG_INFO = NO;
				SDKROOT = iphoneos;
				SWIFT_OPTIMIZATION_LEVEL = "-Owholemodule";
				VALIDATE_PRODUCT = YES;
			};
			name = Release;
		};
		F5F6D9DC20A3F3EC009F4226 /* Debug */ = {
			isa = XCBuildConfiguration;
			buildSettings = {
				ASSETCATALOG_COMPILER_APPICON_NAME = AppIcon;
				CODE_SIGN_STYLE = Automatic;
				DEVELOPMENT_TEAM = 73GBZ239BR;
				INFOPLIST_FILE = StrategyDemoForStudyGroup/Info.plist;
				IPHONEOS_DEPLOYMENT_TARGET = 11.0;
				LD_RUNPATH_SEARCH_PATHS = "$(inherited) @executable_path/Frameworks";
				PRODUCT_BUNDLE_IDENTIFIER = com.athemer.StrategyDemoForStudyGroup;
				PRODUCT_NAME = "$(TARGET_NAME)";
				SWIFT_VERSION = 4.0;
				TARGETED_DEVICE_FAMILY = "1,2";
			};
			name = Debug;
		};
		F5F6D9DD20A3F3EC009F4226 /* Release */ = {
			isa = XCBuildConfiguration;
			buildSettings = {
				ASSETCATALOG_COMPILER_APPICON_NAME = AppIcon;
				CODE_SIGN_STYLE = Automatic;
				DEVELOPMENT_TEAM = 73GBZ239BR;
				INFOPLIST_FILE = StrategyDemoForStudyGroup/Info.plist;
				IPHONEOS_DEPLOYMENT_TARGET = 11.0;
				LD_RUNPATH_SEARCH_PATHS = "$(inherited) @executable_path/Frameworks";
				PRODUCT_BUNDLE_IDENTIFIER = com.athemer.StrategyDemoForStudyGroup;
				PRODUCT_NAME = "$(TARGET_NAME)";
				SWIFT_VERSION = 4.0;
				TARGETED_DEVICE_FAMILY = "1,2";
			};
			name = Release;
		};
		F5F6D9DF20A3F3EC009F4226 /* Debug */ = {
			isa = XCBuildConfiguration;
			buildSettings = {
				ALWAYS_EMBED_SWIFT_STANDARD_LIBRARIES = YES;
				BUNDLE_LOADER = "$(TEST_HOST)";
				CODE_SIGN_STYLE = Automatic;
				DEVELOPMENT_TEAM = 73GBZ239BR;
				INFOPLIST_FILE = StrategyDemoForStudyGroupTests/Info.plist;
				LD_RUNPATH_SEARCH_PATHS = "$(inherited) @executable_path/Frameworks @loader_path/Frameworks";
				PRODUCT_BUNDLE_IDENTIFIER = com.athemer.StrategyDemoForStudyGroupTests;
				PRODUCT_NAME = "$(TARGET_NAME)";
				SWIFT_VERSION = 4.0;
				TARGETED_DEVICE_FAMILY = "1,2";
				TEST_HOST = "$(BUILT_PRODUCTS_DIR)/StrategyDemoForStudyGroup.app/StrategyDemoForStudyGroup";
			};
			name = Debug;
		};
		F5F6D9E020A3F3EC009F4226 /* Release */ = {
			isa = XCBuildConfiguration;
			buildSettings = {
				ALWAYS_EMBED_SWIFT_STANDARD_LIBRARIES = YES;
				BUNDLE_LOADER = "$(TEST_HOST)";
				CODE_SIGN_STYLE = Automatic;
				DEVELOPMENT_TEAM = 73GBZ239BR;
				INFOPLIST_FILE = StrategyDemoForStudyGroupTests/Info.plist;
				LD_RUNPATH_SEARCH_PATHS = "$(inherited) @executable_path/Frameworks @loader_path/Frameworks";
				PRODUCT_BUNDLE_IDENTIFIER = com.athemer.StrategyDemoForStudyGroupTests;
				PRODUCT_NAME = "$(TARGET_NAME)";
				SWIFT_VERSION = 4.0;
				TARGETED_DEVICE_FAMILY = "1,2";
				TEST_HOST = "$(BUILT_PRODUCTS_DIR)/StrategyDemoForStudyGroup.app/StrategyDemoForStudyGroup";
			};
			name = Release;
		};
		F5F6D9E220A3F3EC009F4226 /* Debug */ = {
			isa = XCBuildConfiguration;
			buildSettings = {
				ALWAYS_EMBED_SWIFT_STANDARD_LIBRARIES = YES;
				CODE_SIGN_STYLE = Automatic;
				DEVELOPMENT_TEAM = 73GBZ239BR;
				INFOPLIST_FILE = StrategyDemoForStudyGroupUITests/Info.plist;
				LD_RUNPATH_SEARCH_PATHS = "$(inherited) @executable_path/Frameworks @loader_path/Frameworks";
				PRODUCT_BUNDLE_IDENTIFIER = com.athemer.StrategyDemoForStudyGroupUITests;
				PRODUCT_NAME = "$(TARGET_NAME)";
				SWIFT_VERSION = 4.0;
				TARGETED_DEVICE_FAMILY = "1,2";
				TEST_TARGET_NAME = StrategyDemoForStudyGroup;
			};
			name = Debug;
		};
		F5F6D9E320A3F3EC009F4226 /* Release */ = {
			isa = XCBuildConfiguration;
			buildSettings = {
				ALWAYS_EMBED_SWIFT_STANDARD_LIBRARIES = YES;
				CODE_SIGN_STYLE = Automatic;
				DEVELOPMENT_TEAM = 73GBZ239BR;
				INFOPLIST_FILE = StrategyDemoForStudyGroupUITests/Info.plist;
				LD_RUNPATH_SEARCH_PATHS = "$(inherited) @executable_path/Frameworks @loader_path/Frameworks";
				PRODUCT_BUNDLE_IDENTIFIER = com.athemer.StrategyDemoForStudyGroupUITests;
				PRODUCT_NAME = "$(TARGET_NAME)";
				SWIFT_VERSION = 4.0;
				TARGETED_DEVICE_FAMILY = "1,2";
				TEST_TARGET_NAME = StrategyDemoForStudyGroup;
			};
			name = Release;
		};
/* End XCBuildConfiguration section */

/* Begin XCConfigurationList section */
		F5F6D9AE20A3F3EC009F4226 /* Build configuration list for PBXProject "StrategyDemoForStudyGroup" */ = {
			isa = XCConfigurationList;
			buildConfigurations = (
				F5F6D9D920A3F3EC009F4226 /* Debug */,
				F5F6D9DA20A3F3EC009F4226 /* Release */,
			);
			defaultConfigurationIsVisible = 0;
			defaultConfigurationName = Release;
		};
		F5F6D9DB20A3F3EC009F4226 /* Build configuration list for PBXNativeTarget "StrategyDemoForStudyGroup" */ = {
			isa = XCConfigurationList;
			buildConfigurations = (
				F5F6D9DC20A3F3EC009F4226 /* Debug */,
				F5F6D9DD20A3F3EC009F4226 /* Release */,
			);
			defaultConfigurationIsVisible = 0;
			defaultConfigurationName = Release;
		};
		F5F6D9DE20A3F3EC009F4226 /* Build configuration list for PBXNativeTarget "StrategyDemoForStudyGroupTests" */ = {
			isa = XCConfigurationList;
			buildConfigurations = (
				F5F6D9DF20A3F3EC009F4226 /* Debug */,
				F5F6D9E020A3F3EC009F4226 /* Release */,
			);
			defaultConfigurationIsVisible = 0;
			defaultConfigurationName = Release;
		};
		F5F6D9E120A3F3EC009F4226 /* Build configuration list for PBXNativeTarget "StrategyDemoForStudyGroupUITests" */ = {
			isa = XCConfigurationList;
			buildConfigurations = (
				F5F6D9E220A3F3EC009F4226 /* Debug */,
				F5F6D9E320A3F3EC009F4226 /* Release */,
			);
			defaultConfigurationIsVisible = 0;
			defaultConfigurationName = Release;
		};
/* End XCConfigurationList section */
	};
	rootObject = F5F6D9AB20A3F3EC009F4226 /* Project object */;
}
